github.com/google/btree v1.0.0 h1:0udJVsspx3VBr5FwtLhQQtuAsVc79tTq0ocGIPAU6qo=
github.com/google/btree v1.0.0/go.mod h1:lNA+9X1NB3Zf8V7Ke586lFgjr2dZNuvo3lPJSGZ5JPQ=
github.com/google/netstack v0.0.0-20191123085552-55fcc16cd0eb h1:/YcrD0GSdU5gtckXHVjSEd0Y6VgboNW7VYyImZS3y6g=
github.com/google/netstack v0.0.0-20191123085552-55fcc16cd0eb/go.mod h1:r/rILWg3r1Qy9G1IFMhsqWLq2GjwuYoTuPgG7ckMAjk=
github.com/songgao/water v0.0.0-20190725173103-fd331bda3f4b h1:+y4hCMc/WKsDbAPsOQZgBSaSZ26uh2afyaWeVg/3s/c=
github.com/songgao/water v0.0.0-20190725173103-fd331bda3f4b/go.mod h1:P5HUIBuIWKbyjl083/loAegFkfbFNx5i2qEP4CNbm7E=
golang.org/x/sys v0.0.0-20191120155948-bd437916bb0e h1:N7DeIrjYszNmSW409R3frPPwglRwMkXSBzwVbkOjLLA=
golang.org/x/sys v0.0.0-20191120155948-bd437916bb0e/go.mod h1:h1NjWce9XRLGQEsW7wpKNCjG9DtNlClVuFLEZdDNbEs=
golang.org/x/time v0.0.0-20191024005414-555d28b269f0 h1:/5xXl8Y5W96D+TtHSlonuFqGHIWVuyCkGJLwGh9JJFs=
golang.org/x/time v0.0.0-20191024005414-555d28b269f0/go.mod h1:tRJNPiyCQ0inRvYxbN9jk5I+vvW/OXSQhTDSoE431IQ=
